
Microsoft Visual Studio Solution File, Format Version 12.00
# Visual Studio Version 17
VisualStudioVersion = 17.11.35312.102
MinimumVisualStudioVersion = 10.0.40219.1
Project("{FAE04EC0-301F-11D3-BF4B-00C04F79EFBC}") = "Wann&Whiskey", "Wann&Whiskey\Wann&Whiskey.csproj", "{E027B24B-71F5-4A48-ACAE-126767A4FA96}"
EndProject
Global
	GlobalSection(SolutionConfigurationPlatforms) = preSolution
		Debug|Any CPU = Debug|Any CPU
		Release|Any CPU = Release|Any CPU
	EndGlobalSection
	GlobalSection(ProjectConfigurationPlatforms) = postSolution
		{E027B24B-71F5-4A48-ACAE-126767A4FA96}.Debug|Any CPU.ActiveCfg = Debug|Any CPU
		{E027B24B-71F5-4A48-ACAE-126767A4FA96}.Debug|Any CPU.Build.0 = Debug|Any CPU
		{E027B24B-71F5-4A48-ACAE-126767A4FA96}.Release|Any CPU.ActiveCfg = Release|Any CPU
		{E027B24B-71F5-4A48-ACAE-126767A4FA96}.Release|Any CPU.Build.0 = Release|Any CPU
	EndGlobalSection
	GlobalSection(SolutionProperties) = preSolution
		HideSolutionNode = FALSE
	EndGlobalSection
	GlobalSection(ExtensibilityGlobals) = postSolution
		SolutionGuid = {07193A63-7C56-44D6-BA91-F3EBB1ACF8A0}
	EndGlobalSection
EndGlobal
